
Microsoft Visual Studio Solution File, Format Version 12.00
# Visual Studio Version 16
VisualStudioVersion = 16.0.30907.101
MinimumVisualStudioVersion = 10.0.40219.1
Project("{FAE04EC0-301F-11D3-BF4B-00C04F79EFBC}") = "Online.Classified.App", "Online.Classified.App\Online.Classified.App.csproj", "{35078641-E563-4515-A510-94628D2C2C6C}"
EndProject
Project("{FAE04EC0-301F-11D3-BF4B-00C04F79EFBC}") = "Online.Classified.App.Tests", "Online.Classified.App.Tests\Online.Classified.App.Tests.csproj", "{A5CBF77D-5342-4341-8395-1801ADC0038D}"
EndProject
Global
	GlobalSection(SolutionConfigurationPlatforms) = preSolution
		Debug|Any CPU = Debug|Any CPU
		Release|Any CPU = Release|Any CPU
	EndGlobalSection
	GlobalSection(ProjectConfigurationPlatforms) = postSolution
		{35078641-E563-4515-A510-94628D2C2C6C}.Debug|Any CPU.ActiveCfg = Debug|Any CPU
		{35078641-E563-4515-A510-94628D2C2C6C}.Debug|Any CPU.Build.0 = Debug|Any CPU
		{35078641-E563-4515-A510-94628D2C2C6C}.Release|Any CPU.ActiveCfg = Release|Any CPU
		{35078641-E563-4515-A510-94628D2C2C6C}.Release|Any CPU.Build.0 = Release|Any CPU
		{A5CBF77D-5342-4341-8395-1801ADC0038D}.Debug|Any CPU.ActiveCfg = Debug|Any CPU
		{A5CBF77D-5342-4341-8395-1801ADC0038D}.Debug|Any CPU.Build.0 = Debug|Any CPU
		{A5CBF77D-5342-4341-8395-1801ADC0038D}.Release|Any CPU.ActiveCfg = Release|Any CPU
		{A5CBF77D-5342-4341-8395-1801ADC0038D}.Release|Any CPU.Build.0 = Release|Any CPU
	EndGlobalSection
	GlobalSection(SolutionProperties) = preSolution
		HideSolutionNode = FALSE
	EndGlobalSection
	GlobalSection(ExtensibilityGlobals) = postSolution
		SolutionGuid = {180C909F-AA46-420A-96FE-FE37C3E98563}
	EndGlobalSection
EndGlobal
